// !$*UTF8*$!
{
	archiveVersion = 1;
	classes = {
	};
	objectVersion = 50;
	objects = {

/* Begin PBXBuildFile section */
		B3A475BF244E4CBC004AF499 /* AppDelegate.swift in Sources */ = {isa = PBXBuildFile; fileRef = B3A475BE244E4CBC004AF499 /* AppDelegate.swift */; };
		B3A475C1244E4CBC004AF499 /* SceneDelegate.swift in Sources */ = {isa = PBXBuildFile; fileRef = B3A475C0244E4CBC004AF499 /* SceneDelegate.swift */; };
		B3A475C4244E4CBC004AF499 /* PaymentCollection.xcdatamodeld in Sources */ = {isa = PBXBuildFile; fileRef = B3A475C2244E4CBC004AF499 /* PaymentCollection.xcdatamodeld */; };
		B3A475C6244E4CBC004AF499 /* ContentView.swift in Sources */ = {isa = PBXBuildFile; fileRef = B3A475C5244E4CBC004AF499 /* ContentView.swift */; };
		B3A475C8244E4CBF004AF499 /* Assets.xcassets in Resources */ = {isa = PBXBuildFile; fileRef = B3A475C7244E4CBF004AF499 /* Assets.xcassets */; };
		B3A475CB244E4CBF004AF499 /* Preview Assets.xcassets in Resources */ = {isa = PBXBuildFile; fileRef = B3A475CA244E4CBF004AF499 /* Preview Assets.xcassets */; };
		B3A475CE244E4CBF004AF499 /* LaunchScreen.storyboard in Resources */ = {isa = PBXBuildFile; fileRef = B3A475CC244E4CBF004AF499 /* LaunchScreen.storyboard */; };
		B3A475D9244E4CBF004AF499 /* PaymentCollectionTests.swift in Sources */ = {isa = PBXBuildFile; fileRef = B3A475D8244E4CBF004AF499 /* PaymentCollectionTests.swift */; };
		B3A475E4244E4CBF004AF499 /* PaymentCollectionUITests.swift in Sources */ = {isa = PBXBuildFile; fileRef = B3A475E3244E4CBF004AF499 /* PaymentCollectionUITests.swift */; };
		B3A475F2244E55A6004AF499 /* RecentPaymentCell.swift in Sources */ = {isa = PBXBuildFile; fileRef = B3A475F1244E55A6004AF499 /* RecentPaymentCell.swift */; };
/* End PBXBuildFile section */

/* Begin PBXContainerItemProxy section */
		B3A475D5244E4CBF004AF499 /* PBXContainerItemProxy */ = {
			isa = PBXContainerItemProxy;
			containerPortal = B3A475B3244E4CBC004AF499 /* Project object */;
			proxyType = 1;
			remoteGlobalIDString = B3A475BA244E4CBC004AF499;
			remoteInfo = PaymentCollection;
		};
		B3A475E0244E4CBF004AF499 /* PBXContainerItemProxy */ = {
			isa = PBXContainerItemProxy;
			containerPortal = B3A475B3244E4CBC004AF499 /* Project object */;
			proxyType = 1;
			remoteGlobalIDString = B3A475BA244E4CBC004AF499;
			remoteInfo = PaymentCollection;
		};
/* End PBXContainerItemProxy section */

/* Begin PBXFileReference section */
		B3A475BB244E4CBC004AF499 /* PaymentCollection.app */ = {isa = PBXFileReference; explicitFileType = wrapper.application; includeInIndex = 0; path = PaymentCollection.app; sourceTree = BUILT_PRODUCTS_DIR; };
		B3A475BE244E4CBC004AF499 /* AppDelegate.swift */ = {isa = PBXFileReference; lastKnownFileType = sourcecode.swift; path = AppDelegate.swift; sourceTree = "<group>"; };
		B3A475C0244E4CBC004AF499 /* SceneDelegate.swift */ = {isa = PBXFileReference; lastKnownFileType = sourcecode.swift; path = SceneDelegate.swift; sourceTree = "<group>"; };
		B3A475C3244E4CBC004AF499 /* PaymentCollection.xcdatamodel */ = {isa = PBXFileReference; lastKnownFileType = wrapper.xcdatamodel; path = PaymentCollection.xcdatamodel; sourceTree = "<group>"; };
		B3A475C5244E4CBC004AF499 /* ContentView.swift */ = {isa = PBXFileReference; lastKnownFileType = sourcecode.swift; path = ContentView.swift; sourceTree = "<group>"; };
		B3A475C7244E4CBF004AF499 /* Assets.xcassets */ = {isa = PBXFileReference; lastKnownFileType = folder.assetcatalog; path = Assets.xcassets; sourceTree = "<group>"; };
		B3A475CA244E4CBF004AF499 /* Preview Assets.xcassets */ = {isa = PBXFileReference; lastKnownFileType = folder.assetcatalog; path = "Preview Assets.xcassets"; sourceTree = "<group>"; };
		B3A475CD244E4CBF004AF499 /* Base */ = {isa = PBXFileReference; lastKnownFileType = file.storyboard; name = Base; path = Base.lproj/LaunchScreen.storyboard; sourceTree = "<group>"; };
		B3A475CF244E4CBF004AF499 /* Info.plist */ = {isa = PBXFileReference; lastKnownFileType = text.plist.xml; path = Info.plist; sourceTree = "<group>"; };
		B3A475D4244E4CBF004AF499 /* PaymentCollectionTests.xctest */ = {isa = PBXFileReference; explicitFileType = wrapper.cfbundle; includeInIndex = 0; path = PaymentCollectionTests.xctest; sourceTree = BUILT_PRODUCTS_DIR; };
		B3A475D8244E4CBF004AF499 /* PaymentCollectionTests.swift */ = {isa = PBXFileReference; lastKnownFileType = sourcecode.swift; path = PaymentCollectionTests.swift; sourceTree = "<group>"; };
		B3A475DA244E4CBF004AF499 /* Info.plist */ = {isa = PBXFileReference; lastKnownFileType = text.plist.xml; path = Info.plist; sourceTree = "<group>"; };
		B3A475DF244E4CBF004AF499 /* PaymentCollectionUITests.xctest */ = {isa = PBXFileReference; explicitFileType = wrapper.cfbundle; includeInIndex = 0; path = PaymentCollectionUITests.xctest; sourceTree = BUILT_PRODUCTS_DIR; };
		B3A475E3244E4CBF004AF499 /* PaymentCollectionUITests.swift */ = {isa = PBXFileReference; lastKnownFileType = sourcecode.swift; path = PaymentCollectionUITests.swift; sourceTree = "<group>"; };
		B3A475E5244E4CBF004AF499 /* Info.plist */ = {isa = PBXFileReference; lastKnownFileType = text.plist.xml; path = Info.plist; sourceTree = "<group>"; };
		B3A475F1244E55A6004AF499 /* RecentPaymentCell.swift */ = {isa = PBXFileReference; lastKnownFileType = sourcecode.swift; path = RecentPaymentCell.swift; sourceTree = "<group>"; };
/* End PBXFileReference section */

/* Begin PBXFrameworksBuildPhase section */
		B3A475B8244E4CBC004AF499 /* Frameworks */ = {
			isa = PBXFrameworksBuildPhase;
			buildActionMask = 2147483647;
			files = (
			);
			runOnlyForDeploymentPostprocessing = 0;
		};
		B3A475D1244E4CBF004AF499 /* Frameworks */ = {
			isa = PBXFrameworksBuildPhase;
			buildActionMask = 2147483647;
			files = (
			);
			runOnlyForDeploymentPostprocessing = 0;
		};
		B3A475DC244E4CBF004AF499 /* Frameworks */ = {
			isa = PBXFrameworksBuildPhase;
			buildActionMask = 2147483647;
			files = (
			);
			runOnlyForDeploymentPostprocessing = 0;
		};
/* End PBXFrameworksBuildPhase section */

/* Begin PBXGroup section */
		B3A475B2244E4CBC004AF499 = {
			isa = PBXGroup;
			children = (
				B3A475BD244E4CBC004AF499 /* PaymentCollection */,
				B3A475D7244E4CBF004AF499 /* PaymentCollectionTests */,
				B3A475E2244E4CBF004AF499 /* PaymentCollectionUITests */,
				B3A475BC244E4CBC004AF499 /* Products */,
			);
			sourceTree = "<group>";
		};
		B3A475BC244E4CBC004AF499 /* Products */ = {
			isa = PBXGroup;
			children = (
				B3A475BB244E4CBC004AF499 /* PaymentCollection.app */,
				B3A475D4244E4CBF004AF499 /* PaymentCollectionTests.xctest */,
				B3A475DF244E4CBF004AF499 /* PaymentCollectionUITests.xctest */,
			);
			name = Products;
			sourceTree = "<group>";
		};
		B3A475BD244E4CBC004AF499 /* PaymentCollection */ = {
			isa = PBXGroup;
			children = (
				B3A475BE244E4CBC004AF499 /* AppDelegate.swift */,
				B3A475C0244E4CBC004AF499 /* SceneDelegate.swift */,
				B3A475C5244E4CBC004AF499 /* ContentView.swift */,
				B3A475F1244E55A6004AF499 /* RecentPaymentCell.swift */,
				B3A475C7244E4CBF004AF499 /* Assets.xcassets */,
				B3A475CC244E4CBF004AF499 /* LaunchScreen.storyboard */,
				B3A475CF244E4CBF004AF499 /* Info.plist */,
				B3A475C2244E4CBC004AF499 /* PaymentCollection.xcdatamodeld */,
				B3A475C9244E4CBF004AF499 /* Preview Content */,
			);
			path = PaymentCollection;
			sourceTree = "<group>";
		};
		B3A475C9244E4CBF004AF499 /* Preview Content */ = {
			isa = PBXGroup;
			children = (
				B3A475CA244E4CBF004AF499 /* Preview Assets.xcassets */,
			);
			path = "Preview Content";
			sourceTree = "<group>";
		};
		B3A475D7244E4CBF004AF499 /* PaymentCollectionTests */ = {
			isa = PBXGroup;
			children = (
				B3A475D8244E4CBF004AF499 /* PaymentCollectionTests.swift */,
				B3A475DA244E4CBF004AF499 /* Info.plist */,
			);
			path = PaymentCollectionTests;
			sourceTree = "<group>";
		};
		B3A475E2244E4CBF004AF499 /* PaymentCollectionUITests */ = {
			isa = PBXGroup;
			children = (
				B3A475E3244E4CBF004AF499 /* PaymentCollectionUITests.swift */,
				B3A475E5244E4CBF004AF499 /* Info.plist */,
			);
			path = PaymentCollectionUITests;
			sourceTree = "<group>";
		};
/* End PBXGroup section */

/* Begin PBXNativeTarget section */
		B3A475BA244E4CBC004AF499 /* PaymentCollection */ = {
			isa = PBXNativeTarget;
			buildConfigurationList = B3A475E8244E4CBF004AF499 /* Build configuration list for PBXNativeTarget "PaymentCollection" */;
			buildPhases = (
				B3A475B7244E4CBC004AF499 /* Sources */,
				B3A475B8244E4CBC004AF499 /* Frameworks */,
				B3A475B9244E4CBC004AF499 /* Resources */,
			);
			buildRules = (
			);
			dependencies = (
			);
			name = PaymentCollection;
			productName = PaymentCollection;
			productReference = B3A475BB244E4CBC004AF499 /* PaymentCollection.app */;
			productType = "com.apple.product-type.application";
		};
		B3A475D3244E4CBF004AF499 /* PaymentCollectionTests */ = {
			isa = PBXNativeTarget;
			buildConfigurationList = B3A475EB244E4CBF004AF499 /* Build configuration list for PBXNativeTarget "PaymentCollectionTests" */;
			buildPhases = (
				B3A475D0244E4CBF004AF499 /* Sources */,
				B3A475D1244E4CBF004AF499 /* Frameworks */,
				B3A475D2244E4CBF004AF499 /* Resources */,
			);
			buildRules = (
			);
			dependencies = (
				B3A475D6244E4CBF004AF499 /* PBXTargetDependency */,
			);
			name = PaymentCollectionTests;
			productName = PaymentCollectionTests;
			productReference = B3A475D4244E4CBF004AF499 /* PaymentCollectionTests.xctest */;
			productType = "com.apple.product-type.bundle.unit-test";
		};
		B3A475DE244E4CBF004AF499 /* PaymentCollectionUITests */ = {
			isa = PBXNativeTarget;
			buildConfigurationList = B3A475EE244E4CBF004AF499 /* Build configuration list for PBXNativeTarget "PaymentCollectionUITests" */;
			buildPhases = (
				B3A475DB244E4CBF004AF499 /* Sources */,
				B3A475DC244E4CBF004AF499 /* Frameworks */,
				B3A475DD244E4CBF004AF499 /* Resources */,
			);
			buildRules = (
			);
			dependencies = (
				B3A475E1244E4CBF004AF499 /* PBXTargetDependency */,
			);
			name = PaymentCollectionUITests;
			productName = PaymentCollectionUITests;
			productReference = B3A475DF244E4CBF004AF499 /* PaymentCollectionUITests.xctest */;
			productType = "com.apple.product-type.bundle.ui-testing";
		};
/* End PBXNativeTarget section */

/* Begin PBXProject section */
		B3A475B3244E4CBC004AF499 /* Project object */ = {
			isa = PBXProject;
			attributes = {
				LastSwiftUpdateCheck = 1140;
				LastUpgradeCheck = 1140;
				ORGANIZATIONNAME = Photon;
				TargetAttributes = {
					B3A475BA244E4CBC004AF499 = {
						CreatedOnToolsVersion = 11.4;
					};
					B3A475D3244E4CBF004AF499 = {
						CreatedOnToolsVersion = 11.4;
						TestTargetID = B3A475BA244E4CBC004AF499;
					};
					B3A475DE244E4CBF004AF499 = {
						CreatedOnToolsVersion = 11.4;
						TestTargetID = B3A475BA244E4CBC004AF499;
					};
				};
			};
			buildConfigurationList = B3A475B6244E4CBC004AF499 /* Build configuration list for PBXProject "PaymentCollection" */;
			compatibilityVersion = "Xcode 9.3";
			developmentRegion = en;
			hasScannedForEncodings = 0;
			knownRegions = (
				en,
				Base,
			);
			mainGroup = B3A475B2244E4CBC004AF499;
			productRefGroup = B3A475BC244E4CBC004AF499 /* Products */;
			projectDirPath = "";
			projectRoot = "";
			targets = (
				B3A475BA244E4CBC004AF499 /* PaymentCollection */,
				B3A475D3244E4CBF004AF499 /* PaymentCollectionTests */,
				B3A475DE244E4CBF004AF499 /* PaymentCollectionUITests */,
			);
		};
/* End PBXProject section */

/* Begin PBXResourcesBuildPhase section */
		B3A475B9244E4CBC004AF499 /* Resources */ = {
			isa = PBXResourcesBuildPhase;
			buildActionMask = 2147483647;
			files = (
				B3A475CE244E4CBF004AF499 /* LaunchScreen.storyboard in Resources */,
				B3A475CB244E4CBF004AF499 /* Preview Assets.xcassets in Resources */,
				B3A475C8244E4CBF004AF499 /* Assets.xcassets in Resources */,
			);
			runOnlyForDeploymentPostprocessing = 0;
		};
		B3A475D2244E4CBF004AF499 /* Resources */ = {
			isa = PBXResourcesBuildPhase;
			buildActionMask = 2147483647;
			files = (
			);
			runOnlyForDeploymentPostprocessing = 0;
		};
		B3A475DD244E4CBF004AF499 /* Resources */ = {
			isa = PBXResourcesBuildPhase;
			buildActionMask = 2147483647;
			files = (
			);
			runOnlyForDeploymentPostprocessing = 0;
		};
/* End PBXResourcesBuildPhase section */

/* Begin PBXSourcesBuildPhase section */
		B3A475B7244E4CBC004AF499 /* Sources */ = {
			isa = PBXSourcesBuildPhase;
			buildActionMask = 2147483647;
			files = (
				B3A475C4244E4CBC004AF499 /* PaymentCollection.xcdatamodeld in Sources */,
				B3A475BF244E4CBC004AF499 /* AppDelegate.swift in Sources */,
				B3A475C6244E4CBC004AF499 /* ContentView.swift in Sources */,
				B3A475F2244E55A6004AF499 /* RecentPaymentCell.swift in Sources */,
				B3A475C1244E4CBC004AF499 /* SceneDelegate.swift in Sources */,
			);
			runOnlyForDeploymentPostprocessing = 0;
		};
		B3A475D0244E4CBF004AF499 /* Sources */ = {
			isa = PBXSourcesBuildPhase;
			buildActionMask = 2147483647;
			files = (
				B3A475D9244E4CBF004AF499 /* PaymentCollectionTests.swift in Sources */,
			);
			runOnlyForDeploymentPostprocessing = 0;
		};
		B3A475DB244E4CBF004AF499 /* Sources */ = {
			isa = PBXSourcesBuildPhase;
			buildActionMask = 2147483647;
			files = (
				B3A475E4244E4CBF004AF499 /* PaymentCollectionUITests.swift in Sources */,
			);
			runOnlyForDeploymentPostprocessing = 0;
		};
/* End PBXSourcesBuildPhase section */

/* Begin PBXTargetDependency section */
		B3A475D6244E4CBF004AF499 /* PBXTargetDependency */ = {
			isa = PBXTargetDependency;
			target = B3A475BA244E4CBC004AF499 /* PaymentCollection */;
			targetProxy = B3A475D5244E4CBF004AF499 /* PBXContainerItemProxy */;
		};
		B3A475E1244E4CBF004AF499 /* PBXTargetDependency */ = {
			isa = PBXTargetDependency;
			target = B3A475BA244E4CBC004AF499 /* PaymentCollection */;
			targetProxy = B3A475E0244E4CBF004AF499 /* PBXContainerItemProxy */;
		};
/* End PBXTargetDependency section */

/* Begin PBXVariantGroup section */
		B3A475CC244E4CBF004AF499 /* LaunchScreen.storyboard */ = {
			isa = PBXVariantGroup;
			children = (
				B3A475CD244E4CBF004AF499 /* Base */,
			);
			name = LaunchScreen.storyboard;
			sourceTree = "<group>";
		};
/* End PBXVariantGroup section */

/* Begin XCBuildConfiguration section */
		B3A475E6244E4CBF004AF499 /* Debug */ = {
			isa = XCBuildConfiguration;
			buildSettings = {
				ALWAYS_SEARCH_USER_PATHS = NO;
				CLANG_ANALYZER_NONNULL = YES;
				CLANG_ANALYZER_NUMBER_OBJECT_CONVERSION = YES_AGGRESSIVE;
				CLANG_CXX_LANGUAGE_STANDARD = "gnu++14";
				CLANG_CXX_LIBRARY = "libc++";
				CLANG_ENABLE_MODULES = YES;
				CLANG_ENABLE_OBJC_ARC = YES;
				CLANG_ENABLE_OBJC_WEAK = YES;
				CLANG_WARN_BLOCK_CAPTURE_AUTORELEASING = YES;
				CLANG_WARN_BOOL_CONVERSION = YES;
				CLANG_WARN_COMMA = YES;
				CLANG_WARN_CONSTANT_CONVERSION = YES;
				CLANG_WARN_DEPRECATED_OBJC_IMPLEMENTATIONS = YES;
				CLANG_WARN_DIRECT_OBJC_ISA_USAGE = YES_ERROR;
				CLANG_WARN_DOCUMENTATION_COMMENTS = YES;
				CLANG_WARN_EMPTY_BODY = YES;
				CLANG_WARN_ENUM_CONVERSION = YES;
				CLANG_WARN_INFINITE_RECURSION = YES;
				CLANG_WARN_INT_CONVERSION = YES;
				CLANG_WARN_NON_LITERAL_NULL_CONVERSION = YES;
				CLANG_WARN_OBJC_IMPLICIT_RETAIN_SELF = YES;
				CLANG_WARN_OBJC_LITERAL_CONVERSION = YES;
				CLANG_WARN_OBJC_ROOT_CLASS = YES_ERROR;
				CLANG_WARN_RANGE_LOOP_ANALYSIS = YES;
				CLANG_WARN_STRICT_PROTOTYPES = YES;
				CLANG_WARN_SUSPICIOUS_MOVE = YES;
				CLANG_WARN_UNGUARDED_AVAILABILITY = YES_AGGRESSIVE;
				CLANG_WARN_UNREACHABLE_CODE = YES;
				CLANG_WARN__DUPLICATE_METHOD_MATCH = YES;
				COPY_PHASE_STRIP = NO;
				DEBUG_INFORMATION_FORMAT = dwarf;
				ENABLE_STRICT_OBJC_MSGSEND = YES;
				ENABLE_TESTABILITY = YES;
				GCC_C_LANGUAGE_STANDARD = gnu11;
				GCC_DYNAMIC_NO_PIC = NO;
				GCC_NO_COMMON_BLOCKS = YES;
				GCC_OPTIMIZATION_LEVEL = 0;
				GCC_PREPROCESSOR_DEFINITIONS = (
					"DEBUG=1",
					"$(inherited)",
				);
				GCC_WARN_64_TO_32_BIT_CONVERSION = YES;
				GCC_WARN_ABOUT_RETURN_TYPE = YES_ERROR;
				GCC_WARN_UNDECLARED_SELECTOR = YES;
				GCC_WARN_UNINITIALIZED_AUTOS = YES_AGGRESSIVE;
				GCC_WARN_UNUSED_FUNCTION = YES;
				GCC_WARN_UNUSED_VARIABLE = YES;
				IPHONEOS_DEPLOYMENT_TARGET = 13.4;
				MTL_ENABLE_DEBUG_INFO = INCLUDE_SOURCE;
				MTL_FAST_MATH = YES;
				ONLY_ACTIVE_ARCH = YES;
				SDKROOT = iphoneos;
				SWIFT_ACTIVE_COMPILATION_CONDITIONS = DEBUG;
				SWIFT_OPTIMIZATION_LEVEL = "-Onone";
			};
			name = Debug;
		};
		B3A475E7244E4CBF004AF499 /* Release */ = {
			isa = XCBuildConfiguration;
			buildSettings = {
				ALWAYS_SEARCH_USER_PATHS = NO;
				CLANG_ANALYZER_NONNULL = YES;
				CLANG_ANALYZER_NUMBER_OBJECT_CONVERSION = YES_AGGRESSIVE;
				CLANG_CXX_LANGUAGE_STANDARD = "gnu++14";
				CLANG_CXX_LIBRARY = "libc++";
				CLANG_ENABLE_MODULES = YES;
				CLANG_ENABLE_OBJC_ARC = YES;
				CLANG_ENABLE_OBJC_WEAK = YES;
				CLANG_WARN_BLOCK_CAPTURE_AUTORELEASING = YES;
				CLANG_WARN_BOOL_CONVERSION = YES;
				CLANG_WARN_COMMA = YES;
				CLANG_WARN_CONSTANT_CONVERSION = YES;
				CLANG_WARN_DEPRECATED_OBJC_IMPLEMENTATIONS = YES;
				CLANG_WARN_DIRECT_OBJC_ISA_USAGE = YES_ERROR;
				CLANG_WARN_DOCUMENTATION_COMMENTS = YES;
				CLANG_WARN_EMPTY_BODY = YES;
				CLANG_WARN_ENUM_CONVERSION = YES;
				CLANG_WARN_INFINITE_RECURSION = YES;
				CLANG_WARN_INT_CONVERSION = YES;
				CLANG_WARN_NON_LITERAL_NULL_CONVERSION = YES;
				CLANG_WARN_OBJC_IMPLICIT_RETAIN_SELF = YES;
				CLANG_WARN_OBJC_LITERAL_CONVERSION = YES;
				CLANG_WARN_OBJC_ROOT_CLASS = YES_ERROR;
				CLANG_WARN_RANGE_LOOP_ANALYSIS = YES;
				CLANG_WARN_STRICT_PROTOTYPES = YES;
				CLANG_WARN_SUSPICIOUS_MOVE = YES;
				CLANG_WARN_UNGUARDED_AVAILABILITY = YES_AGGRESSIVE;
				CLANG_WARN_UNREACHABLE_CODE = YES;
				CLANG_WARN__DUPLICATE_METHOD_MATCH = YES;
				COPY_PHASE_STRIP = NO;
				DEBUG_INFORMATION_FORMAT = "dwarf-with-dsym";
				ENABLE_NS_ASSERTIONS = NO;
				ENABLE_STRICT_OBJC_MSGSEND = YES;
				GCC_C_LANGUAGE_STANDARD = gnu11;
				GCC_NO_COMMON_BLOCKS = YES;
				GCC_WARN_64_TO_32_BIT_CONVERSION = YES;
				GCC_WARN_ABOUT_RETURN_TYPE = YES_ERROR;
				GCC_WARN_UNDECLARED_SELECTOR = YES;
				GCC_WARN_UNINITIALIZED_AUTOS = YES_AGGRESSIVE;
				GCC_WARN_UNUSED_FUNCTION = YES;
				GCC_WARN_UNUSED_VARIABLE = YES;
				IPHONEOS_DEPLOYMENT_TARGET = 13.4;
				MTL_ENABLE_DEBUG_INFO = NO;
				MTL_FAST_MATH = YES;
				SDKROOT = iphoneos;
				SWIFT_COMPILATION_MODE = wholemodule;
				SWIFT_OPTIMIZATION_LEVEL = "-O";
				VALIDATE_PRODUCT = YES;
			};
			name = Release;
		};
		B3A475E9244E4CBF004AF499 /* Debug */ = {
			isa = XCBuildConfiguration;
			buildSettings = {
				ASSETCATALOG_COMPILER_APPICON_NAME = AppIcon;
				CODE_SIGN_STYLE = Automatic;
				DEVELOPMENT_ASSET_PATHS = "\"PaymentCollection/Preview Content\"";
				DEVELOPMENT_TEAM = 7RPWY9QV62;
				ENABLE_PREVIEWS = YES;
				INFOPLIST_FILE = PaymentCollection/Info.plist;
				LD_RUNPATH_SEARCH_PATHS = (
					"$(inherited)",
					"@executable_path/Frameworks",
				);
				PRODUCT_BUNDLE_IDENTIFIER = com.photon.PaymentCollection;
				PRODUCT_NAME = "$(TARGET_NAME)";
				SWIFT_VERSION = 5.0;
				TARGETED_DEVICE_FAMILY = "1,2";
			};
			name = Debug;
		};
		B3A475EA244E4CBF004AF499 /* Release */ = {
			isa = XCBuildConfiguration;
			buildSettings = {
				ASSETCATALOG_COMPILER_APPICON_NAME = AppIcon;
				CODE_SIGN_STYLE = Automatic;
				DEVELOPMENT_ASSET_PATHS = "\"PaymentCollection/Preview Content\"";
				DEVELOPMENT_TEAM = 7RPWY9QV62;
				ENABLE_PREVIEWS = YES;
				INFOPLIST_FILE = PaymentCollection/Info.plist;
				LD_RUNPATH_SEARCH_PATHS = (
					"$(inherited)",
					"@executable_path/Frameworks",
				);
				PRODUCT_BUNDLE_IDENTIFIER = com.photon.PaymentCollection;
				PRODUCT_NAME = "$(TARGET_NAME)";
				SWIFT_VERSION = 5.0;
				TARGETED_DEVICE_FAMILY = "1,2";
			};
			name = Release;
		};
		B3A475EC244E4CBF004AF499 /* Debug */ = {
			isa = XCBuildConfiguration;
			buildSettings = {
				ALWAYS_EMBED_SWIFT_STANDARD_LIBRARIES = YES;
				BUNDLE_LOADER = "$(TEST_HOST)";
				CODE_SIGN_STYLE = Automatic;
				DEVELOPMENT_TEAM = 7RPWY9QV62;
				INFOPLIST_FILE = PaymentCollectionTests/Info.plist;
				IPHONEOS_DEPLOYMENT_TARGET = 13.4;
				LD_RUNPATH_SEARCH_PATHS = (
					"$(inherited)",
					"@executable_path/Frameworks",
					"@loader_path/Frameworks",
				);
				PRODUCT_BUNDLE_IDENTIFIER = com.photon.PaymentCollectionTests;
				PRODUCT_NAME = "$(TARGET_NAME)";
				SWIFT_VERSION = 5.0;
				TARGETED_DEVICE_FAMILY = "1,2";
				TEST_HOST = "$(BUILT_PRODUCTS_DIR)/PaymentCollection.app/PaymentCollection";
			};
			name = Debug;
		};
		B3A475ED244E4CBF004AF499 /* Release */ = {
			isa = XCBuildConfiguration;
			buildSettings = {
				ALWAYS_EMBED_SWIFT_STANDARD_LIBRARIES = YES;
				BUNDLE_LOADER = "$(TEST_HOST)";
				CODE_SIGN_STYLE = Automatic;
				DEVELOPMENT_TEAM = 7RPWY9QV62;
				INFOPLIST_FILE = PaymentCollectionTests/Info.plist;
				IPHONEOS_DEPLOYMENT_TARGET = 13.4;
				LD_RUNPATH_SEARCH_PATHS = (
					"$(inherited)",
					"@executable_path/Frameworks",
					"@loader_path/Frameworks",
				);
				PRODUCT_BUNDLE_IDENTIFIER = com.photon.PaymentCollectionTests;
				PRODUCT_NAME = "$(TARGET_NAME)";
				SWIFT_VERSION = 5.0;
				TARGETED_DEVICE_FAMILY = "1,2";
				TEST_HOST = "$(BUILT_PRODUCTS_DIR)/PaymentCollection.app/PaymentCollection";
			};
			name = Release;
		};
		B3A475EF244E4CBF004AF499 /* Debug */ = {
			isa = XCBuildConfiguration;
			buildSettings = {
				ALWAYS_EMBED_SWIFT_STANDARD_LIBRARIES = YES;
				CODE_SIGN_STYLE = Automatic;
				DEVELOPMENT_TEAM = 7RPWY9QV62;
				INFOPLIST_FILE = PaymentCollectionUITests/Info.plist;
				LD_RUNPATH_SEARCH_PATHS = (
					"$(inherited)",
					"@executable_path/Frameworks",
					"@loader_path/Frameworks",
				);
				PRODUCT_BUNDLE_IDENTIFIER = com.photon.PaymentCollectionUITests;
				PRODUCT_NAME = "$(TARGET_NAME)";
				SWIFT_VERSION = 5.0;
				TARGETED_DEVICE_FAMILY = "1,2";
				TEST_TARGET_NAME = PaymentCollection;
			};
			name = Debug;
		};
		B3A475F0244E4CBF004AF499 /* Release */ = {
			isa = XCBuildConfiguration;
			buildSettings = {
				ALWAYS_EMBED_SWIFT_STANDARD_LIBRARIES = YES;
				CODE_SIGN_STYLE = Automatic;
				DEVELOPMENT_TEAM = 7RPWY9QV62;
				INFOPLIST_FILE = PaymentCollectionUITests/Info.plist;
				LD_RUNPATH_SEARCH_PATHS = (
					"$(inherited)",
					"@executable_path/Frameworks",
					"@loader_path/Frameworks",
				);
				PRODUCT_BUNDLE_IDENTIFIER = com.photon.PaymentCollectionUITests;
				PRODUCT_NAME = "$(TARGET_NAME)";
				SWIFT_VERSION = 5.0;
				TARGETED_DEVICE_FAMILY = "1,2";
				TEST_TARGET_NAME = PaymentCollection;
			};
			name = Release;
		};
/* End XCBuildConfiguration section */

/* Begin XCConfigurationList section */
		B3A475B6244E4CBC004AF499 /* Build configuration list for PBXProject "PaymentCollection" */ = {
			isa = XCConfigurationList;
			buildConfigurations = (
				B3A475E6244E4CBF004AF499 /* Debug */,
				B3A475E7244E4CBF004AF499 /* Release */,
			);
			defaultConfigurationIsVisible = 0;
			defaultConfigurationName = Release;
		};
		B3A475E8244E4CBF004AF499 /* Build configuration list for PBXNativeTarget "PaymentCollection" */ = {
			isa = XCConfigurationList;
			buildConfigurations = (
				B3A475E9244E4CBF004AF499 /* Debug */,
				B3A475EA244E4CBF004AF499 /* Release */,
			);
			defaultConfigurationIsVisible = 0;
			defaultConfigurationName = Release;
		};
		B3A475EB244E4CBF004AF499 /* Build configuration list for PBXNativeTarget "PaymentCollectionTests" */ = {
			isa = XCConfigurationList;
			buildConfigurations = (
				B3A475EC244E4CBF004AF499 /* Debug */,
				B3A475ED244E4CBF004AF499 /* Release */,
			);
			defaultConfigurationIsVisible = 0;
			defaultConfigurationName = Release;
		};
		B3A475EE244E4CBF004AF499 /* Build configuration list for PBXNativeTarget "PaymentCollectionUITests" */ = {
			isa = XCConfigurationList;
			buildConfigurations = (
				B3A475EF244E4CBF004AF499 /* Debug */,
				B3A475F0244E4CBF004AF499 /* Release */,
			);
			defaultConfigurationIsVisible = 0;
			defaultConfigurationName = Release;
		};
/* End XCConfigurationList section */

/* Begin XCVersionGroup section */
		B3A475C2244E4CBC004AF499 /* PaymentCollection.xcdatamodeld */ = {
			isa = XCVersionGroup;
			children = (
				B3A475C3244E4CBC004AF499 /* PaymentCollection.xcdatamodel */,
			);
			currentVersion = B3A475C3244E4CBC004AF499 /* PaymentCollection.xcdatamodel */;
			path = PaymentCollection.xcdatamodeld;
			sourceTree = "<group>";
			versionGroupType = wrapper.xcdatamodel;
		};
/* End XCVersionGroup section */
	};
	rootObject = B3A475B3244E4CBC004AF499 /* Project object */;
}
